// !$*UTF8*$!
{
	archiveVersion = 1;
	classes = {
	};
	objectVersion = 50;
	objects = {

/* Begin PBXBuildFile section */
		1951D14F22CDDAEB00E013EC /* AppDelegate.swift in Sources */ = {isa = PBXBuildFile; fileRef = 1951D14E22CDDAEB00E013EC /* AppDelegate.swift */; };
		1951D15122CDDAEB00E013EC /* ViewController.swift in Sources */ = {isa = PBXBuildFile; fileRef = 1951D15022CDDAEB00E013EC /* ViewController.swift */; };
		1951D15422CDDAEB00E013EC /* Main.storyboard in Resources */ = {isa = PBXBuildFile; fileRef = 1951D15222CDDAEB00E013EC /* Main.storyboard */; };
		1951D15722CDDAEB00E013EC /* Exam_101.xcdatamodeld in Sources */ = {isa = PBXBuildFile; fileRef = 1951D15522CDDAEB00E013EC /* Exam_101.xcdatamodeld */; };
		1951D15922CDDAEC00E013EC /* Assets.xcassets in Resources */ = {isa = PBXBuildFile; fileRef = 1951D15822CDDAEC00E013EC /* Assets.xcassets */; };
		1951D15C22CDDAEC00E013EC /* LaunchScreen.storyboard in Resources */ = {isa = PBXBuildFile; fileRef = 1951D15A22CDDAEC00E013EC /* LaunchScreen.storyboard */; };
/* End PBXBuildFile section */

/* Begin PBXFileReference section */
		1951D14B22CDDAEB00E013EC /* Exam 101.app */ = {isa = PBXFileReference; explicitFileType = wrapper.application; includeInIndex = 0; path = "Exam 101.app"; sourceTree = BUILT_PRODUCTS_DIR; };
		1951D14E22CDDAEB00E013EC /* AppDelegate.swift */ = {isa = PBXFileReference; lastKnownFileType = sourcecode.swift; path = AppDelegate.swift; sourceTree = "<group>"; };
		1951D15022CDDAEB00E013EC /* ViewController.swift */ = {isa = PBXFileReference; lastKnownFileType = sourcecode.swift; path = ViewController.swift; sourceTree = "<group>"; };
		1951D15322CDDAEB00E013EC /* Base */ = {isa = PBXFileReference; lastKnownFileType = file.storyboard; name = Base; path = Base.lproj/Main.storyboard; sourceTree = "<group>"; };
		1951D15622CDDAEB00E013EC /* Exam_101.xcdatamodel */ = {isa = PBXFileReference; lastKnownFileType = wrapper.xcdatamodel; path = Exam_101.xcdatamodel; sourceTree = "<group>"; };
		1951D15822CDDAEC00E013EC /* Assets.xcassets */ = {isa = PBXFileReference; lastKnownFileType = folder.assetcatalog; path = Assets.xcassets; sourceTree = "<group>"; };
		1951D15B22CDDAEC00E013EC /* Base */ = {isa = PBXFileReference; lastKnownFileType = file.storyboard; name = Base; path = Base.lproj/LaunchScreen.storyboard; sourceTree = "<group>"; };
		1951D15D22CDDAEC00E013EC /* Info.plist */ = {isa = PBXFileReference; lastKnownFileType = text.plist.xml; path = Info.plist; sourceTree = "<group>"; };
/* End PBXFileReference section */

/* Begin PBXFrameworksBuildPhase section */
		1951D14822CDDAEB00E013EC /* Frameworks */ = {
			isa = PBXFrameworksBuildPhase;
			buildActionMask = 2147483647;
			files = (
			);
			runOnlyForDeploymentPostprocessing = 0;
		};
/* End PBXFrameworksBuildPhase section */

/* Begin PBXGroup section */
		1951D14222CDDAEB00E013EC = {
			isa = PBXGroup;
			children = (
				1951D14D22CDDAEB00E013EC /* Exam 101 */,
				1951D14C22CDDAEB00E013EC /* Products */,
			);
			sourceTree = "<group>";
		};
		1951D14C22CDDAEB00E013EC /* Products */ = {
			isa = PBXGroup;
			children = (
				1951D14B22CDDAEB00E013EC /* Exam 101.app */,
			);
			name = Products;
			sourceTree = "<group>";
		};
		1951D14D22CDDAEB00E013EC /* Exam 101 */ = {
			isa = PBXGroup;
			children = (
				1951D14E22CDDAEB00E013EC /* AppDelegate.swift */,
				1951D15022CDDAEB00E013EC /* ViewController.swift */,
				1951D15222CDDAEB00E013EC /* Main.storyboard */,
				1951D15822CDDAEC00E013EC /* Assets.xcassets */,
				1951D15A22CDDAEC00E013EC /* LaunchScreen.storyboard */,
				1951D15D22CDDAEC00E013EC /* Info.plist */,
				1951D15522CDDAEB00E013EC /* Exam_101.xcdatamodeld */,
			);
			path = "Exam 101";
			sourceTree = "<group>";
		};
/* End PBXGroup section */

/* Begin PBXNativeTarget section */
		1951D14A22CDDAEB00E013EC /* Exam 101 */ = {
			isa = PBXNativeTarget;
			buildConfigurationList = 1951D16022CDDAEC00E013EC /* Build configuration list for PBXNativeTarget "Exam 101" */;
			buildPhases = (
				1951D14722CDDAEB00E013EC /* Sources */,
				1951D14822CDDAEB00E013EC /* Frameworks */,
				1951D14922CDDAEB00E013EC /* Resources */,
			);
			buildRules = (
			);
			dependencies = (
			);
			name = "Exam 101";
			productName = "Exam 101";
			productReference = 1951D14B22CDDAEB00E013EC /* Exam 101.app */;
			productType = "com.apple.product-type.application";
		};
/* End PBXNativeTarget section */

/* Begin PBXProject section */
		1951D14322CDDAEB00E013EC /* Project object */ = {
			isa = PBXProject;
			attributes = {
				LastSwiftUpdateCheck = 1020;
				LastUpgradeCheck = 1020;
				ORGANIZATIONNAME = Marjune;
				TargetAttributes = {
					1951D14A22CDDAEB00E013EC = {
						CreatedOnToolsVersion = 10.2.1;
					};
				};
			};
			buildConfigurationList = 1951D14622CDDAEB00E013EC /* Build configuration list for PBXProject "Exam 101" */;
			compatibilityVersion = "Xcode 9.3";
			developmentRegion = en;
			hasScannedForEncodings = 0;
			knownRegions = (
				en,
				Base,
			);
			mainGroup = 1951D14222CDDAEB00E013EC;
			productRefGroup = 1951D14C22CDDAEB00E013EC /* Products */;
			projectDirPath = "";
			projectRoot = "";
			targets = (
				1951D14A22CDDAEB00E013EC /* Exam 101 */,
			);
		};
/* End PBXProject section */

/* Begin PBXResourcesBuildPhase section */
		1951D14922CDDAEB00E013EC /* Resources */ = {
			isa = PBXResourcesBuildPhase;
			buildActionMask = 2147483647;
			files = (
				1951D15C22CDDAEC00E013EC /* LaunchScreen.storyboard in Resources */,
				1951D15922CDDAEC00E013EC /* Assets.xcassets in Resources */,
				1951D15422CDDAEB00E013EC /* Main.storyboard in Resources */,
			);
			runOnlyForDeploymentPostprocessing = 0;
		};
/* End PBXResourcesBuildPhase section */

/* Begin PBXSourcesBuildPhase section */
		1951D14722CDDAEB00E013EC /* Sources */ = {
			isa = PBXSourcesBuildPhase;
			buildActionMask = 2147483647;
			files = (
				1951D15122CDDAEB00E013EC /* ViewController.swift in Sources */,
				1951D15722CDDAEB00E013EC /* Exam_101.xcdatamodeld in Sources */,
				1951D14F22CDDAEB00E013EC /* AppDelegate.swift in Sources */,
			);
			runOnlyForDeploymentPostprocessing = 0;
		};
/* End PBXSourcesBuildPhase section */

/* Begin PBXVariantGroup section */
		1951D15222CDDAEB00E013EC /* Main.storyboard */ = {
			isa = PBXVariantGroup;
			children = (
				1951D15322CDDAEB00E013EC /* Base */,
			);
			name = Main.storyboard;
			sourceTree = "<group>";
		};
		1951D15A22CDDAEC00E013EC /* LaunchScreen.storyboard */ = {
			isa = PBXVariantGroup;
			children = (
				1951D15B22CDDAEC00E013EC /* Base */,
			);
			name = LaunchScreen.storyboard;
			sourceTree = "<group>";
		};
/* End PBXVariantGroup section */

/* Begin XCBuildConfiguration section */
		1951D15E22CDDAEC00E013EC /* Debug */ = {
			isa = XCBuildConfiguration;
			buildSettings = {
				ALWAYS_SEARCH_USER_PATHS = NO;
				CLANG_ANALYZER_NONNULL = YES;
				CLANG_ANALYZER_NUMBER_OBJECT_CONVERSION = YES_AGGRESSIVE;
				CLANG_CXX_LANGUAGE_STANDARD = "gnu++14";
				CLANG_CXX_LIBRARY = "libc++";
				CLANG_ENABLE_MODULES = YES;
				CLANG_ENABLE_OBJC_ARC = YES;
				CLANG_ENABLE_OBJC_WEAK = YES;
				CLANG_WARN_BLOCK_CAPTURE_AUTORELEASING = YES;
				CLANG_WARN_BOOL_CONVERSION = YES;
				CLANG_WARN_COMMA = YES;
				CLANG_WARN_CONSTANT_CONVERSION = YES;
				CLANG_WARN_DEPRECATED_OBJC_IMPLEMENTATIONS = YES;
				CLANG_WARN_DIRECT_OBJC_ISA_USAGE = YES_ERROR;
				CLANG_WARN_DOCUMENTATION_COMMENTS = YES;
				CLANG_WARN_EMPTY_BODY = YES;
				CLANG_WARN_ENUM_CONVERSION = YES;
				CLANG_WARN_INFINITE_RECURSION = YES;
				CLANG_WARN_INT_CONVERSION = YES;
				CLANG_WARN_NON_LITERAL_NULL_CONVERSION = YES;
				CLANG_WARN_OBJC_IMPLICIT_RETAIN_SELF = YES;
				CLANG_WARN_OBJC_LITERAL_CONVERSION = YES;
				CLANG_WARN_OBJC_ROOT_CLASS = YES_ERROR;
				CLANG_WARN_RANGE_LOOP_ANALYSIS = YES;
				CLANG_WARN_STRICT_PROTOTYPES = YES;
				CLANG_WARN_SUSPICIOUS_MOVE = YES;
				CLANG_WARN_UNGUARDED_AVAILABILITY = YES_AGGRESSIVE;
				CLANG_WARN_UNREACHABLE_CODE = YES;
				CLANG_WARN__DUPLICATE_METHOD_MATCH = YES;
				CODE_SIGN_IDENTITY = "iPhone Developer";
				COPY_PHASE_STRIP = NO;
				DEBUG_INFORMATION_FORMAT = dwarf;
				ENABLE_STRICT_OBJC_MSGSEND = YES;
				ENABLE_TESTABILITY = YES;
				GCC_C_LANGUAGE_STANDARD = gnu11;
				GCC_DYNAMIC_NO_PIC = NO;
				GCC_NO_COMMON_BLOCKS = YES;
				GCC_OPTIMIZATION_LEVEL = 0;
				GCC_PREPROCESSOR_DEFINITIONS = (
					"DEBUG=1",
					"$(inherited)",
				);
				GCC_WARN_64_TO_32_BIT_CONVERSION = YES;
				GCC_WARN_ABOUT_RETURN_TYPE = YES_ERROR;
				GCC_WARN_UNDECLARED_SELECTOR = YES;
				GCC_WARN_UNINITIALIZED_AUTOS = YES_AGGRESSIVE;
				GCC_WARN_UNUSED_FUNCTION = YES;
				GCC_WARN_UNUSED_VARIABLE = YES;
				IPHONEOS_DEPLOYMENT_TARGET = 12.2;
				MTL_ENABLE_DEBUG_INFO = INCLUDE_SOURCE;
				MTL_FAST_MATH = YES;
				ONLY_ACTIVE_ARCH = YES;
				SDKROOT = iphoneos;
				SWIFT_ACTIVE_COMPILATION_CONDITIONS = DEBUG;
				SWIFT_OPTIMIZATION_LEVEL = "-Onone";
			};
			name = Debug;
		};
		1951D15F22CDDAEC00E013EC /* Release */ = {
			isa = XCBuildConfiguration;
			buildSettings = {
				ALWAYS_SEARCH_USER_PATHS = NO;
				CLANG_ANALYZER_NONNULL = YES;
				CLANG_ANALYZER_NUMBER_OBJECT_CONVERSION = YES_AGGRESSIVE;
				CLANG_CXX_LANGUAGE_STANDARD = "gnu++14";
				CLANG_CXX_LIBRARY = "libc++";
				CLANG_ENABLE_MODULES = YES;
				CLANG_ENABLE_OBJC_ARC = YES;
				CLANG_ENABLE_OBJC_WEAK = YES;
				CLANG_WARN_BLOCK_CAPTURE_AUTORELEASING = YES;
				CLANG_WARN_BOOL_CONVERSION = YES;
				CLANG_WARN_COMMA = YES;
				CLANG_WARN_CONSTANT_CONVERSION = YES;
				CLANG_WARN_DEPRECATED_OBJC_IMPLEMENTATIONS = YES;
				CLANG_WARN_DIRECT_OBJC_ISA_USAGE = YES_ERROR;
				CLANG_WARN_DOCUMENTATION_COMMENTS = YES;
				CLANG_WARN_EMPTY_BODY = YES;
				CLANG_WARN_ENUM_CONVERSION = YES;
				CLANG_WARN_INFINITE_RECURSION = YES;
				CLANG_WARN_INT_CONVERSION = YES;
				CLANG_WARN_NON_LITERAL_NULL_CONVERSION = YES;
				CLANG_WARN_OBJC_IMPLICIT_RETAIN_SELF = YES;
				CLANG_WARN_OBJC_LITERAL_CONVERSION = YES;
				CLANG_WARN_OBJC_ROOT_CLASS = YES_ERROR;
				CLANG_WARN_RANGE_LOOP_ANALYSIS = YES;
				CLANG_WARN_STRICT_PROTOTYPES = YES;
				CLANG_WARN_SUSPICIOUS_MOVE = YES;
				CLANG_WARN_UNGUARDED_AVAILABILITY = YES_AGGRESSIVE;
				CLANG_WARN_UNREACHABLE_CODE = YES;
				CLANG_WARN__DUPLICATE_METHOD_MATCH = YES;
				CODE_SIGN_IDENTITY = "iPhone Developer";
				COPY_PHASE_STRIP = NO;
				DEBUG_INFORMATION_FORMAT = "dwarf-with-dsym";
				ENABLE_NS_ASSERTIONS = NO;
				ENABLE_STRICT_OBJC_MSGSEND = YES;
				GCC_C_LANGUAGE_STANDARD = gnu11;
				GCC_NO_COMMON_BLOCKS = YES;
				GCC_WARN_64_TO_32_BIT_CONVERSION = YES;
				GCC_WARN_ABOUT_RETURN_TYPE = YES_ERROR;
				GCC_WARN_UNDECLARED_SELECTOR = YES;
				GCC_WARN_UNINITIALIZED_AUTOS = YES_AGGRESSIVE;
				GCC_WARN_UNUSED_FUNCTION = YES;
				GCC_WARN_UNUSED_VARIABLE = YES;
				IPHONEOS_DEPLOYMENT_TARGET = 12.2;
				MTL_ENABLE_DEBUG_INFO = NO;
				MTL_FAST_MATH = YES;
				SDKROOT = iphoneos;
				SWIFT_COMPILATION_MODE = wholemodule;
				SWIFT_OPTIMIZATION_LEVEL = "-O";
				VALIDATE_PRODUCT = YES;
			};
			name = Release;
		};
		1951D16122CDDAEC00E013EC /* Debug */ = {
			isa = XCBuildConfiguration;
			buildSettings = {
				ASSETCATALOG_COMPILER_APPICON_NAME = AppIcon;
				CODE_SIGN_STYLE = Automatic;
				DEVELOPMENT_TEAM = 36FD3S9HJ4;
				INFOPLIST_FILE = "Exam 101/Info.plist";
				LD_RUNPATH_SEARCH_PATHS = (
					"$(inherited)",
					"@executable_path/Frameworks",
				);
				PRODUCT_BUNDLE_IDENTIFIER = "com.chonex.exam.appetiser.Exam-101";
				PRODUCT_NAME = "$(TARGET_NAME)";
				SWIFT_VERSION = 5.0;
				TARGETED_DEVICE_FAMILY = "1,2";
			};
			name = Debug;
		};
		1951D16222CDDAEC00E013EC /* Release */ = {
			isa = XCBuildConfiguration;
			buildSettings = {
				ASSETCATALOG_COMPILER_APPICON_NAME = AppIcon;
				CODE_SIGN_STYLE = Automatic;
				DEVELOPMENT_TEAM = 36FD3S9HJ4;
				INFOPLIST_FILE = "Exam 101/Info.plist";
				LD_RUNPATH_SEARCH_PATHS = (
					"$(inherited)",
					"@executable_path/Frameworks",
				);
				PRODUCT_BUNDLE_IDENTIFIER = "com.chonex.exam.appetiser.Exam-101";
				PRODUCT_NAME = "$(TARGET_NAME)";
				SWIFT_VERSION = 5.0;
				TARGETED_DEVICE_FAMILY = "1,2";
			};
			name = Release;
		};
/* End XCBuildConfiguration section */

/* Begin XCConfigurationList section */
		1951D14622CDDAEB00E013EC /* Build configuration list for PBXProject "Exam 101" */ = {
			isa = XCConfigurationList;
			buildConfigurations = (
				1951D15E22CDDAEC00E013EC /* Debug */,
				1951D15F22CDDAEC00E013EC /* Release */,
			);
			defaultConfigurationIsVisible = 0;
			defaultConfigurationName = Release;
		};
		1951D16022CDDAEC00E013EC /* Build configuration list for PBXNativeTarget "Exam 101" */ = {
			isa = XCConfigurationList;
			buildConfigurations = (
				1951D16122CDDAEC00E013EC /* Debug */,
				1951D16222CDDAEC00E013EC /* Release */,
			);
			defaultConfigurationIsVisible = 0;
			defaultConfigurationName = Release;
		};
/* End XCConfigurationList section */

/* Begin XCVersionGroup section */
		1951D15522CDDAEB00E013EC /* Exam_101.xcdatamodeld */ = {
			isa = XCVersionGroup;
			children = (
				1951D15622CDDAEB00E013EC /* Exam_101.xcdatamodel */,
			);
			currentVersion = 1951D15622CDDAEB00E013EC /* Exam_101.xcdatamodel */;
			path = Exam_101.xcdatamodeld;
			sourceTree = "<group>";
			versionGroupType = wrapper.xcdatamodel;
		};
/* End XCVersionGroup section */
	};
	rootObject = 1951D14322CDDAEB00E013EC /* Project object */;
}
